
Microsoft Visual Studio Solution File, Format Version 12.00
# Visual Studio 14
VisualStudioVersion = 14.0.25420.1
MinimumVisualStudioVersion = 10.0.40219.1
Project("{FAE04EC0-301F-11D3-BF4B-00C04F79EFBC}") = "Nexmo.Web.Sample", "Nexmo.Web.Sample\Nexmo.Web.Sample.csproj", "{3B32C093-EBED-4D60-B2FC-046F8FCE11D9}"
EndProject
Global
	GlobalSection(SolutionConfigurationPlatforms) = preSolution
		Debug|Any CPU = Debug|Any CPU
		Release|Any CPU = Release|Any CPU
		Release452|Any CPU = Release452|Any CPU
		Release46|Any CPU = Release46|Any CPU
		Release461|Any CPU = Release461|Any CPU
	EndGlobalSection
	GlobalSection(ProjectConfigurationPlatforms) = postSolution
		{3B32C093-EBED-4D60-B2FC-046F8FCE11D9}.Debug|Any CPU.ActiveCfg = Debug|Any CPU
		{3B32C093-EBED-4D60-B2FC-046F8FCE11D9}.Debug|Any CPU.Build.0 = Debug|Any CPU
		{3B32C093-EBED-4D60-B2FC-046F8FCE11D9}.Release|Any CPU.ActiveCfg = Release|Any CPU
		{3B32C093-EBED-4D60-B2FC-046F8FCE11D9}.Release|Any CPU.Build.0 = Release|Any CPU
		{3B32C093-EBED-4D60-B2FC-046F8FCE11D9}.Release452|Any CPU.ActiveCfg = Release452|Any CPU
		{3B32C093-EBED-4D60-B2FC-046F8FCE11D9}.Release452|Any CPU.Build.0 = Release452|Any CPU
		{3B32C093-EBED-4D60-B2FC-046F8FCE11D9}.Release46|Any CPU.ActiveCfg = Release46|Any CPU
		{3B32C093-EBED-4D60-B2FC-046F8FCE11D9}.Release46|Any CPU.Build.0 = Release46|Any CPU
		{3B32C093-EBED-4D60-B2FC-046F8FCE11D9}.Release461|Any CPU.ActiveCfg = Release461|Any CPU
		{3B32C093-EBED-4D60-B2FC-046F8FCE11D9}.Release461|Any CPU.Build.0 = Release461|Any CPU
	EndGlobalSection
	GlobalSection(SolutionProperties) = preSolution
		HideSolutionNode = FALSE
	EndGlobalSection
EndGlobal
