
Microsoft Visual Studio Solution File, Format Version 12.00
# Visual Studio Version 17
VisualStudioVersion = 17.1.32328.378
MinimumVisualStudioVersion = 10.0.40219.1
Project("{2150E333-8FDC-42A3-9474-1A3956D46DE8}") = "Configuration", "Configuration", "{755C0EA2-03BC-4446-B933-550BEB1EFEF5}"
	ProjectSection(SolutionItems) = preProject
		.editorconfig = .editorconfig
		.whitesource = .whitesource
		.gitignore = .gitignore
	EndProjectSection
EndProject
Project("{9A19103F-16F7-4668-BE54-9A1E7A4F7556}") = "Vonage", "Vonage\Vonage.csproj", "{41EF17C9-8D2E-4C7B-B2EE-3BD1A4CC1A1B}"
EndProject
Project("{9A19103F-16F7-4668-BE54-9A1E7A4F7556}") = "Vonage.Test", "Vonage.Test\Vonage.Test.csproj", "{8BEFC27E-003A-49C3-B399-DDD40D37F024}"
EndProject
Project("{2150E333-8FDC-42A3-9474-1A3956D46DE8}") = "Workflows", "Workflows", "{E0F12A0C-DA69-487C-9037-281BA2CBD244}"
	ProjectSection(SolutionItems) = preProject
		.github\workflows\mutation-testing.yml = .github\workflows\mutation-testing.yml
		.github\workflows\multiframework-build.yml = .github\workflows\multiframework-build.yml
		.github\workflows\net-build.yml = .github\workflows\net-build.yml
		.github\workflows\release.yml = .github\workflows\release.yml
		.github\workflows\release-build.yml = .github\workflows\release-build.yml
		.github\workflows\changelog.yml = .github\workflows\changelog.yml
	EndProjectSection
EndProject
Project("{2150E333-8FDC-42A3-9474-1A3956D46DE8}") = "Vonage", "Vonage", "{A6874F74-A631-4DDC-901B-1D3219FAA50F}"
EndProject
Project("{FAE04EC0-301F-11D3-BF4B-00C04F79EFBC}") = "Vonage.SourceGenerator", "Vonage.SourceGenerator\Vonage.SourceGenerator.csproj", "{F3D366EC-E94A-4FF0-B02C-AC1DBFCC1528}"
EndProject
Project("{FAE04EC0-301F-11D3-BF4B-00C04F79EFBC}") = "Vonage.SourceGenerator.Test", "Vonage.SourceGenerator.Test\Vonage.SourceGenerator.Test.csproj", "{E87D99EB-43A2-4BF5-A717-E1417216094E}"
EndProject
Project("{2150E333-8FDC-42A3-9474-1A3956D46DE8}") = "Source Generation", "Source Generation", "{42071A02-EE17-41F1-A3DE-ECDDC5409C39}"
EndProject
Project("{2150E333-8FDC-42A3-9474-1A3956D46DE8}") = "Docs", "Docs", "{CFD02797-7941-4920-B53D-EED3FD8C2759}"
	ProjectSection(SolutionItems) = preProject
		README.md = README.md
		pull_request_template.md = pull_request_template.md
		OPENTOK_TO_VONAGE_MIGRATION.md = OPENTOK_TO_VONAGE_MIGRATION.md
		MIGRATION_v8.0.0.md = MIGRATION_v8.0.0.md
		MIGRATION_v7.0.0.md = MIGRATION_v7.0.0.md
		CONTRIBUTING.md = CONTRIBUTING.md
		CODE_OF_CONDUCT.md = CODE_OF_CONDUCT.md
		CHANGELOG.md = CHANGELOG.md
		LICENSE.md = LICENSE.md
	EndProjectSection
EndProject
Project("{2150E333-8FDC-42A3-9474-1A3956D46DE8}") = "Scripts", "Scripts", "{EDB165F8-CD99-41A0-9A61-37BD397DB7DA}"
	ProjectSection(SolutionItems) = preProject
		bump_version.js = bump_version.js
		cliff.toml = cliff.toml
		.scripts\init.js = .scripts\init.js
		.scripts\git_hooks\pre-commit = .scripts\git_hooks\pre-commit
	EndProjectSection
EndProject
Global
	GlobalSection(SolutionConfigurationPlatforms) = preSolution
		Debug|Any CPU = Debug|Any CPU
		net452|Any CPU = net452|Any CPU
		net46|Any CPU = net46|Any CPU
		net461|Any CPU = net461|Any CPU
		Release|Any CPU = Release|Any CPU
		Release452|Any CPU = Release452|Any CPU
		Release46|Any CPU = Release46|Any CPU
		Release461|Any CPU = Release461|Any CPU
		ReleaseSigned|Any CPU = ReleaseSigned|Any CPU
	EndGlobalSection
	GlobalSection(ProjectConfigurationPlatforms) = postSolution
		{41EF17C9-8D2E-4C7B-B2EE-3BD1A4CC1A1B}.Debug|Any CPU.ActiveCfg = Debug|Any CPU
		{41EF17C9-8D2E-4C7B-B2EE-3BD1A4CC1A1B}.Debug|Any CPU.Build.0 = Debug|Any CPU
		{41EF17C9-8D2E-4C7B-B2EE-3BD1A4CC1A1B}.net452|Any CPU.ActiveCfg = Debug|Any CPU
		{41EF17C9-8D2E-4C7B-B2EE-3BD1A4CC1A1B}.net452|Any CPU.Build.0 = Debug|Any CPU
		{41EF17C9-8D2E-4C7B-B2EE-3BD1A4CC1A1B}.net46|Any CPU.ActiveCfg = Debug|Any CPU
		{41EF17C9-8D2E-4C7B-B2EE-3BD1A4CC1A1B}.net46|Any CPU.Build.0 = Debug|Any CPU
		{41EF17C9-8D2E-4C7B-B2EE-3BD1A4CC1A1B}.net461|Any CPU.ActiveCfg = Debug|Any CPU
		{41EF17C9-8D2E-4C7B-B2EE-3BD1A4CC1A1B}.net461|Any CPU.Build.0 = Debug|Any CPU
		{41EF17C9-8D2E-4C7B-B2EE-3BD1A4CC1A1B}.Release|Any CPU.ActiveCfg = Release|Any CPU
		{41EF17C9-8D2E-4C7B-B2EE-3BD1A4CC1A1B}.Release|Any CPU.Build.0 = Release|Any CPU
		{41EF17C9-8D2E-4C7B-B2EE-3BD1A4CC1A1B}.Release452|Any CPU.ActiveCfg = Release|Any CPU
		{41EF17C9-8D2E-4C7B-B2EE-3BD1A4CC1A1B}.Release452|Any CPU.Build.0 = Release|Any CPU
		{41EF17C9-8D2E-4C7B-B2EE-3BD1A4CC1A1B}.Release46|Any CPU.ActiveCfg = Release|Any CPU
		{41EF17C9-8D2E-4C7B-B2EE-3BD1A4CC1A1B}.Release46|Any CPU.Build.0 = Release|Any CPU
		{41EF17C9-8D2E-4C7B-B2EE-3BD1A4CC1A1B}.Release461|Any CPU.ActiveCfg = Release|Any CPU
		{41EF17C9-8D2E-4C7B-B2EE-3BD1A4CC1A1B}.Release461|Any CPU.Build.0 = Release|Any CPU
		{41EF17C9-8D2E-4C7B-B2EE-3BD1A4CC1A1B}.ReleaseSigned|Any CPU.ActiveCfg = Debug|Any CPU
		{41EF17C9-8D2E-4C7B-B2EE-3BD1A4CC1A1B}.ReleaseSigned|Any CPU.Build.0 = Debug|Any CPU
		{8BEFC27E-003A-49C3-B399-DDD40D37F024}.Debug|Any CPU.ActiveCfg = Debug|Any CPU
		{8BEFC27E-003A-49C3-B399-DDD40D37F024}.Debug|Any CPU.Build.0 = Debug|Any CPU
		{8BEFC27E-003A-49C3-B399-DDD40D37F024}.net452|Any CPU.ActiveCfg = Debug|Any CPU
		{8BEFC27E-003A-49C3-B399-DDD40D37F024}.net452|Any CPU.Build.0 = Debug|Any CPU
		{8BEFC27E-003A-49C3-B399-DDD40D37F024}.net46|Any CPU.ActiveCfg = Debug|Any CPU
		{8BEFC27E-003A-49C3-B399-DDD40D37F024}.net46|Any CPU.Build.0 = Debug|Any CPU
		{8BEFC27E-003A-49C3-B399-DDD40D37F024}.net461|Any CPU.ActiveCfg = Debug|Any CPU
		{8BEFC27E-003A-49C3-B399-DDD40D37F024}.net461|Any CPU.Build.0 = Debug|Any CPU
		{8BEFC27E-003A-49C3-B399-DDD40D37F024}.Release|Any CPU.ActiveCfg = Release|Any CPU
		{8BEFC27E-003A-49C3-B399-DDD40D37F024}.Release|Any CPU.Build.0 = Release|Any CPU
		{8BEFC27E-003A-49C3-B399-DDD40D37F024}.Release452|Any CPU.ActiveCfg = Release|Any CPU
		{8BEFC27E-003A-49C3-B399-DDD40D37F024}.Release452|Any CPU.Build.0 = Release|Any CPU
		{8BEFC27E-003A-49C3-B399-DDD40D37F024}.Release46|Any CPU.ActiveCfg = Release|Any CPU
		{8BEFC27E-003A-49C3-B399-DDD40D37F024}.Release46|Any CPU.Build.0 = Release|Any CPU
		{8BEFC27E-003A-49C3-B399-DDD40D37F024}.Release461|Any CPU.ActiveCfg = Release|Any CPU
		{8BEFC27E-003A-49C3-B399-DDD40D37F024}.Release461|Any CPU.Build.0 = Release|Any CPU
		{8BEFC27E-003A-49C3-B399-DDD40D37F024}.ReleaseSigned|Any CPU.ActiveCfg = Debug|Any CPU
		{8BEFC27E-003A-49C3-B399-DDD40D37F024}.ReleaseSigned|Any CPU.Build.0 = Debug|Any CPU
		{F3D366EC-E94A-4FF0-B02C-AC1DBFCC1528}.Debug|Any CPU.ActiveCfg = Debug|Any CPU
		{F3D366EC-E94A-4FF0-B02C-AC1DBFCC1528}.Debug|Any CPU.Build.0 = Debug|Any CPU
		{F3D366EC-E94A-4FF0-B02C-AC1DBFCC1528}.net452|Any CPU.ActiveCfg = Debug|Any CPU
		{F3D366EC-E94A-4FF0-B02C-AC1DBFCC1528}.net452|Any CPU.Build.0 = Debug|Any CPU
		{F3D366EC-E94A-4FF0-B02C-AC1DBFCC1528}.net46|Any CPU.ActiveCfg = Debug|Any CPU
		{F3D366EC-E94A-4FF0-B02C-AC1DBFCC1528}.net46|Any CPU.Build.0 = Debug|Any CPU
		{F3D366EC-E94A-4FF0-B02C-AC1DBFCC1528}.net461|Any CPU.ActiveCfg = Debug|Any CPU
		{F3D366EC-E94A-4FF0-B02C-AC1DBFCC1528}.net461|Any CPU.Build.0 = Debug|Any CPU
		{F3D366EC-E94A-4FF0-B02C-AC1DBFCC1528}.Release|Any CPU.ActiveCfg = Release|Any CPU
		{F3D366EC-E94A-4FF0-B02C-AC1DBFCC1528}.Release|Any CPU.Build.0 = Release|Any CPU
		{F3D366EC-E94A-4FF0-B02C-AC1DBFCC1528}.Release452|Any CPU.ActiveCfg = Debug|Any CPU
		{F3D366EC-E94A-4FF0-B02C-AC1DBFCC1528}.Release452|Any CPU.Build.0 = Debug|Any CPU
		{F3D366EC-E94A-4FF0-B02C-AC1DBFCC1528}.Release46|Any CPU.ActiveCfg = Debug|Any CPU
		{F3D366EC-E94A-4FF0-B02C-AC1DBFCC1528}.Release46|Any CPU.Build.0 = Debug|Any CPU
		{F3D366EC-E94A-4FF0-B02C-AC1DBFCC1528}.Release461|Any CPU.ActiveCfg = Debug|Any CPU
		{F3D366EC-E94A-4FF0-B02C-AC1DBFCC1528}.Release461|Any CPU.Build.0 = Debug|Any CPU
		{F3D366EC-E94A-4FF0-B02C-AC1DBFCC1528}.ReleaseSigned|Any CPU.ActiveCfg = Debug|Any CPU
		{F3D366EC-E94A-4FF0-B02C-AC1DBFCC1528}.ReleaseSigned|Any CPU.Build.0 = Debug|Any CPU
		{E87D99EB-43A2-4BF5-A717-E1417216094E}.Debug|Any CPU.ActiveCfg = Debug|Any CPU
		{E87D99EB-43A2-4BF5-A717-E1417216094E}.Debug|Any CPU.Build.0 = Debug|Any CPU
		{E87D99EB-43A2-4BF5-A717-E1417216094E}.net452|Any CPU.ActiveCfg = Debug|Any CPU
		{E87D99EB-43A2-4BF5-A717-E1417216094E}.net452|Any CPU.Build.0 = Debug|Any CPU
		{E87D99EB-43A2-4BF5-A717-E1417216094E}.net46|Any CPU.ActiveCfg = Debug|Any CPU
		{E87D99EB-43A2-4BF5-A717-E1417216094E}.net46|Any CPU.Build.0 = Debug|Any CPU
		{E87D99EB-43A2-4BF5-A717-E1417216094E}.net461|Any CPU.ActiveCfg = Debug|Any CPU
		{E87D99EB-43A2-4BF5-A717-E1417216094E}.net461|Any CPU.Build.0 = Debug|Any CPU
		{E87D99EB-43A2-4BF5-A717-E1417216094E}.Release|Any CPU.ActiveCfg = Release|Any CPU
		{E87D99EB-43A2-4BF5-A717-E1417216094E}.Release|Any CPU.Build.0 = Release|Any CPU
		{E87D99EB-43A2-4BF5-A717-E1417216094E}.Release452|Any CPU.ActiveCfg = Debug|Any CPU
		{E87D99EB-43A2-4BF5-A717-E1417216094E}.Release452|Any CPU.Build.0 = Debug|Any CPU
		{E87D99EB-43A2-4BF5-A717-E1417216094E}.Release46|Any CPU.ActiveCfg = Debug|Any CPU
		{E87D99EB-43A2-4BF5-A717-E1417216094E}.Release46|Any CPU.Build.0 = Debug|Any CPU
		{E87D99EB-43A2-4BF5-A717-E1417216094E}.Release461|Any CPU.ActiveCfg = Debug|Any CPU
		{E87D99EB-43A2-4BF5-A717-E1417216094E}.Release461|Any CPU.Build.0 = Debug|Any CPU
		{E87D99EB-43A2-4BF5-A717-E1417216094E}.ReleaseSigned|Any CPU.ActiveCfg = Debug|Any CPU
		{E87D99EB-43A2-4BF5-A717-E1417216094E}.ReleaseSigned|Any CPU.Build.0 = Debug|Any CPU
	EndGlobalSection
	GlobalSection(SolutionProperties) = preSolution
		HideSolutionNode = FALSE
	EndGlobalSection
	GlobalSection(ExtensibilityGlobals) = postSolution
		SolutionGuid = {FF573FB3-3D6C-402B-8936-C5DB94B68B01}
	EndGlobalSection
	GlobalSection(NestedProjects) = preSolution
		{41EF17C9-8D2E-4C7B-B2EE-3BD1A4CC1A1B} = {A6874F74-A631-4DDC-901B-1D3219FAA50F}
		{8BEFC27E-003A-49C3-B399-DDD40D37F024} = {A6874F74-A631-4DDC-901B-1D3219FAA50F}
		{F3D366EC-E94A-4FF0-B02C-AC1DBFCC1528} = {42071A02-EE17-41F1-A3DE-ECDDC5409C39}
		{E87D99EB-43A2-4BF5-A717-E1417216094E} = {42071A02-EE17-41F1-A3DE-ECDDC5409C39}
	EndGlobalSection
EndGlobal
